
Microsoft Visual Studio Solution File, Format Version 12.00
# Visual Studio Version 17
VisualStudioVersion = 17.14.36203.30 d17.14
MinimumVisualStudioVersion = 10.0.40219.1
Project("{FAE04EC0-301F-11D3-BF4B-00C04F79EFBC}") = "OrderManagementAPI", "OrderManagementAPI.csproj", "{45A8CF95-9D50-40B8-B011-C5ED97DBD79C}"
EndProject
Global
	GlobalSection(SolutionConfigurationPlatforms) = preSolution
		Debug|Any CPU = Debug|Any CPU
		Release|Any CPU = Release|Any CPU
	EndGlobalSection
	GlobalSection(ProjectConfigurationPlatforms) = postSolution
		{45A8CF95-9D50-40B8-B011-C5ED97DBD79C}.Debug|Any CPU.ActiveCfg = Debug|Any CPU
		{45A8CF95-9D50-40B8-B011-C5ED97DBD79C}.Debug|Any CPU.Build.0 = Debug|Any CPU
		{45A8CF95-9D50-40B8-B011-C5ED97DBD79C}.Release|Any CPU.ActiveCfg = Release|Any CPU
		{45A8CF95-9D50-40B8-B011-C5ED97DBD79C}.Release|Any CPU.Build.0 = Release|Any CPU
	EndGlobalSection
	GlobalSection(SolutionProperties) = preSolution
		HideSolutionNode = FALSE
	EndGlobalSection
	GlobalSection(ExtensibilityGlobals) = postSolution
		SolutionGuid = {CEDD5A9C-A2D2-4CBC-BDFF-97B705121E42}
	EndGlobalSection
EndGlobal
